{
  "name": "nosql",
  "version": "1.0.0",
  "lockfileVersion": 3,
  "requires": true,
  "packages": {
    "": {
      "name": "nosql",
      "version": "1.0.0",
      "license": "ISC",
      "dependencies": {
        "@types/murmurhash-js": "^1.0.6",
        "commander": "^13.1.0",
        "murmurhash-js": "^1.0.0",
        "murmurhash3js": "^3.0.1"
      },
      "bin": {
        "ht-nosql": "dist/bin/index.js"
      },
      "devDependencies": {
        "@types/murmurhash3js": "^3.0.7",
        "@types/node": "^22.13.10",
        "typescript": "^5.8.3"
      }
    },
    "node_modules/@types/murmurhash-js": {
      "version": "1.0.6",
      "resolved": "https://registry.npmjs.org/@types/murmurhash-js/-/murmurhash-js-1.0.6.tgz",
      "integrity": "sha512-P2RRwRpevEKO0FrK5xNjxBywg0Br24tEv8K2+iWg56PtcCUNGAkaaOWKBQiUpofA8H/gmgdHXrcvSgp2uXCVAQ==",
      "license": "MIT"
    },
    "node_modules/@types/murmurhash3js": {
      "version": "3.0.7",
      "resolved": "https://registry.npmjs.org/@types/murmurhash3js/-/murmurhash3js-3.0.7.tgz",
      "integrity": "sha512-jN3Z37nILIW1DZyP6N/NK+aw/zjFHPVb7hjrmdw7jx7FayrhKgkNpo6ZDwAsH8HSANjebBOxoXXtA39gKwyeGw==",
      "dev": true,
      "license": "MIT"
    },
    "node_modules/@types/node": {
      "version": "22.15.2",
      "resolved": "https://registry.npmjs.org/@types/node/-/node-22.15.2.tgz",
      "integrity": "sha512-uKXqKN9beGoMdBfcaTY1ecwz6ctxuJAcUlwE55938g0ZJ8lRxwAZqRz2AJ4pzpt5dHdTPMB863UZ0ESiFUcP7A==",
      "dev": true,
      "dependencies": {
        "undici-types": "~6.21.0"
      }
    },
    "node_modules/commander": {
      "version": "13.1.0",
      "resolved": "https://registry.npmjs.org/commander/-/commander-13.1.0.tgz",
      "integrity": "sha512-/rFeCpNJQbhSZjGVwO9RFV3xPqbnERS8MmIQzCtD/zl6gpJuV/bMLuN92oG3F7d8oDEHHRrujSXNUr8fpjntKw==",
      "engines": {
        "node": ">=18"
      }
    },
    "node_modules/murmurhash-js": {
      "version": "1.0.0",
      "resolved": "https://registry.npmjs.org/murmurhash-js/-/murmurhash-js-1.0.0.tgz",
      "integrity": "sha512-TvmkNhkv8yct0SVBSy+o8wYzXjE4Zz3PCesbfs8HiCXXdcTuocApFv11UWlNFWKYsP2okqrhb7JNlSm9InBhIw==",
      "license": "MIT"
    },
    "node_modules/murmurhash3js": {
      "version": "3.0.1",
      "resolved": "https://registry.npmjs.org/murmurhash3js/-/murmurhash3js-3.0.1.tgz",
      "integrity": "sha512-KL8QYUaxq7kUbcl0Yto51rMcYt7E/4N4BG3/c96Iqw1PQrTRspu8Cpx4TZ4Nunib1d4bEkIH3gjCYlP2RLBdow==",
      "license": "MIT",
      "engines": {
        "node": ">=0.10.0"
      }
    },
    "node_modules/typescript": {
      "version": "5.8.3",
      "resolved": "https://registry.npmjs.org/typescript/-/typescript-5.8.3.tgz",
      "integrity": "sha512-p1diW6TqL9L07nNxvRMM7hMMw4c5XOo/1ibL4aAIGmSAt9slTE1Xgw5KWuof2uTOvCg9BY7ZRi+GaF+7sfgPeQ==",
      "dev": true,
      "bin": {
        "tsc": "bin/tsc",
        "tsserver": "bin/tsserver"
      },
      "engines": {
        "node": ">=14.17"
      }
    },
    "node_modules/undici-types": {
      "version": "6.21.0",
      "resolved": "https://registry.npmjs.org/undici-types/-/undici-types-6.21.0.tgz",
      "integrity": "sha512-iwDZqg0QAGrg9Rav5H4n0M64c3mkR59cJ6wQp+7C4nI0gsmExaedaYLNO44eT4AtBBwjbTiGPMlt2Md0T9H9JQ==",
      "dev": true
    }
  }
}
